{
  "originHash" : "3d348270009dae4cbe595f6cbeb0c5cef8c065328eb833191fa4aa76f24a7695",
  "pins" : [
    {
      "identity" : "swift-argument-parser",
      "kind" : "remoteSourceControl",
      "location" : "https://github.com/apple/swift-argument-parser",
      "state" : {
        "revision" : "957954da20c49873cde3ea56352448a2ec63fdaa",
        "version" : "1.7.2"
      }
    },
    {
      "identity" : "swift-log",
      "kind" : "remoteSourceControl",
      "location" : "https://github.com/apple/swift-log",
      "state" : {
        "revision" : "ce592ae52f982c847a4efc0dd881cc9eb32d29f2",
        "version" : "1.6.4"
      }
    }
  ],
  "version" : 3
}
