{
  "originHash" : "c5c47f1340d1bf6d9f0b75bcb2591f20a564ac41df2d364240c3cc2b61aeed7b",
  "pins" : [
    {
      "identity" : "applesiliconddc",
      "kind" : "remoteSourceControl",
      "location" : "https://github.com/waydabber/AppleSiliconDDC.git",
      "state" : {
        "revision" : "97af3818b9803e51412fb50cac1506db1d73b5bf"
      }
    },
    {
      "identity" : "swift-argument-parser",
      "kind" : "remoteSourceControl",
      "location" : "https://github.com/apple/swift-argument-parser.git",
      "state" : {
        "revision" : "626b5b7b2f45e1b0b1c6f4a309296d1d21d7311b",
        "version" : "1.7.1"
      }
    },
    {
      "identity" : "swift-log",
      "kind" : "remoteSourceControl",
      "location" : "https://github.com/apple/swift-log.git",
      "state" : {
        "revision" : "92448c359f00ebe36ae97d3bd9086f13c7692b5a",
        "version" : "1.13.2"
      }
    }
  ],
  "version" : 3
}
